{
  "name": "carlos-sweb-cv",
  "version": "1.0.0",
  "lockfileVersion": 3,
  "requires": true,
  "packages": {
    "": {
      "name": "carlos-sweb-cv",
      "version": "1.0.0",
      "license": "MIT",
      "dependencies": {
        "@fontsource/jetbrains-mono": "^5.2.6",
        "@fontsource/ubuntu": "^5.1.0"
      }
    },
    "node_modules/@fontsource/jetbrains-mono": {
      "version": "5.2.6",
      "resolved": "https://registry.npmjs.org/@fontsource/jetbrains-mono/-/jetbrains-mono-5.2.6.tgz",
      "integrity": "sha512-nz//dBr99hXZmHp10wgNI00qThWImkzRR5PQjvRM+rpmuHO5rYBJCqPPWufidCvmkkryXx/GOP/lgqsM3R3Org==",
      "license": "OFL-1.1",
      "funding": {
        "url": "https://github.com/sponsors/ayuhito"
      }
    },
    "node_modules/@fontsource/ubuntu": {
      "version": "5.1.0",
      "resolved": "https://registry.npmjs.org/@fontsource/ubuntu/-/ubuntu-5.1.0.tgz",
      "integrity": "sha512-0XG/HrFsfP1q3phf4QN8IO7tetd0zOZKHZSHcTnBuVoQedoo1wS/hXxY2FMZuqoG+mVfrXh+Q614MDVmQPJq2w==",
      "license": "UFL-1.0"
    }
  }
}
